
Microsoft Visual Studio Solution File, Format Version 12.00
# Visual Studio 15
VisualStudioVersion = 15.0.28307.168
MinimumVisualStudioVersion = 10.0.40219.1
Project("{FAE04EC0-301F-11D3-BF4B-00C04F79EFBC}") = "Election", "Election\Election.csproj", "{B82B6858-063D-45E9-BEB4-D7B0AA45EC11}"
	ProjectSection(ProjectDependencies) = postProject
		{5BEDC74B-3273-44B6-9F19-E9FA06C02B0A} = {5BEDC74B-3273-44B6-9F19-E9FA06C02B0A}
		{168F6DEF-51BB-4F3B-840E-007C95F5303A} = {168F6DEF-51BB-4F3B-840E-007C95F5303A}
	EndProjectSection
EndProject
Project("{FAE04EC0-301F-11D3-BF4B-00C04F79EFBC}") = "CommonLayer", "CommonLayer\CommonLayer.csproj", "{C80DA21D-4E95-46F5-B832-0FBC523063E6}"
EndProject
Project("{FAE04EC0-301F-11D3-BF4B-00C04F79EFBC}") = "BusinessLayer", "BusinessLayer\BusinessLayer.csproj", "{5BEDC74B-3273-44B6-9F19-E9FA06C02B0A}"
	ProjectSection(ProjectDependencies) = postProject
		{C80DA21D-4E95-46F5-B832-0FBC523063E6} = {C80DA21D-4E95-46F5-B832-0FBC523063E6}
		{168F6DEF-51BB-4F3B-840E-007C95F5303A} = {168F6DEF-51BB-4F3B-840E-007C95F5303A}
	EndProjectSection
EndProject
Project("{FAE04EC0-301F-11D3-BF4B-00C04F79EFBC}") = "RepositoryLayer", "RepositoryLayer\RepositoryLayer.csproj", "{168F6DEF-51BB-4F3B-840E-007C95F5303A}"
EndProject
Global
	GlobalSection(SolutionConfigurationPlatforms) = preSolution
		Debug|Any CPU = Debug|Any CPU
		Release|Any CPU = Release|Any CPU
	EndGlobalSection
	GlobalSection(ProjectConfigurationPlatforms) = postSolution
		{B82B6858-063D-45E9-BEB4-D7B0AA45EC11}.Debug|Any CPU.ActiveCfg = Debug|Any CPU
		{B82B6858-063D-45E9-BEB4-D7B0AA45EC11}.Debug|Any CPU.Build.0 = Debug|Any CPU
		{B82B6858-063D-45E9-BEB4-D7B0AA45EC11}.Release|Any CPU.ActiveCfg = Release|Any CPU
		{B82B6858-063D-45E9-BEB4-D7B0AA45EC11}.Release|Any CPU.Build.0 = Release|Any CPU
		{C80DA21D-4E95-46F5-B832-0FBC523063E6}.Debug|Any CPU.ActiveCfg = Debug|Any CPU
		{C80DA21D-4E95-46F5-B832-0FBC523063E6}.Debug|Any CPU.Build.0 = Debug|Any CPU
		{C80DA21D-4E95-46F5-B832-0FBC523063E6}.Release|Any CPU.ActiveCfg = Release|Any CPU
		{C80DA21D-4E95-46F5-B832-0FBC523063E6}.Release|Any CPU.Build.0 = Release|Any CPU
		{5BEDC74B-3273-44B6-9F19-E9FA06C02B0A}.Debug|Any CPU.ActiveCfg = Debug|Any CPU
		{5BEDC74B-3273-44B6-9F19-E9FA06C02B0A}.Debug|Any CPU.Build.0 = Debug|Any CPU
		{5BEDC74B-3273-44B6-9F19-E9FA06C02B0A}.Release|Any CPU.ActiveCfg = Release|Any CPU
		{5BEDC74B-3273-44B6-9F19-E9FA06C02B0A}.Release|Any CPU.Build.0 = Release|Any CPU
		{168F6DEF-51BB-4F3B-840E-007C95F5303A}.Debug|Any CPU.ActiveCfg = Debug|Any CPU
		{168F6DEF-51BB-4F3B-840E-007C95F5303A}.Debug|Any CPU.Build.0 = Debug|Any CPU
		{168F6DEF-51BB-4F3B-840E-007C95F5303A}.Release|Any CPU.ActiveCfg = Release|Any CPU
		{168F6DEF-51BB-4F3B-840E-007C95F5303A}.Release|Any CPU.Build.0 = Release|Any CPU
	EndGlobalSection
	GlobalSection(SolutionProperties) = preSolution
		HideSolutionNode = FALSE
	EndGlobalSection
	GlobalSection(ExtensibilityGlobals) = postSolution
		SolutionGuid = {A287F91A-767C-489F-A519-2D6E512AB125}
	EndGlobalSection
EndGlobal
