
Microsoft Visual Studio Solution File, Format Version 12.00
# Visual Studio 15
VisualStudioVersion = 15.0.28307.168
MinimumVisualStudioVersion = 10.0.40219.1
Project("{9A19103F-16F7-4668-BE54-9A1E7A4F7556}") = "Fundoo", "Fundoo\Fundoo.csproj", "{B3C0E73C-FD9E-4E34-9D01-CE7F92D38D1E}"
EndProject
Project("{9A19103F-16F7-4668-BE54-9A1E7A4F7556}") = "BussinessLayer", "BussinessLayer\BussinessLayer.csproj", "{0A17CB95-A490-43B3-9D3B-49F39841EB46}"
EndProject
Project("{9A19103F-16F7-4668-BE54-9A1E7A4F7556}") = "RepositoryLayer", "RepositoryLayer\RepositoryLayer.csproj", "{1D3312DA-BDD4-44A9-9251-6E14FF783945}"
EndProject
Project("{9A19103F-16F7-4668-BE54-9A1E7A4F7556}") = "CommonLayer", "CommonLayer\CommonLayer.csproj", "{36ADEB7F-847C-4987-BB35-AB519541A9F8}"
EndProject
Project("{9A19103F-16F7-4668-BE54-9A1E7A4F7556}") = "FundooTestCases", "FundooTestCases\FundooTestCases.csproj", "{B1211BA7-BC26-4C26-8BA9-8DC55E8E990F}"
EndProject
Global
	GlobalSection(SolutionConfigurationPlatforms) = preSolution
		Debug|Any CPU = Debug|Any CPU
		Release|Any CPU = Release|Any CPU
	EndGlobalSection
	GlobalSection(ProjectConfigurationPlatforms) = postSolution
		{B3C0E73C-FD9E-4E34-9D01-CE7F92D38D1E}.Debug|Any CPU.ActiveCfg = Debug|Any CPU
		{B3C0E73C-FD9E-4E34-9D01-CE7F92D38D1E}.Debug|Any CPU.Build.0 = Debug|Any CPU
		{B3C0E73C-FD9E-4E34-9D01-CE7F92D38D1E}.Release|Any CPU.ActiveCfg = Release|Any CPU
		{B3C0E73C-FD9E-4E34-9D01-CE7F92D38D1E}.Release|Any CPU.Build.0 = Release|Any CPU
		{0A17CB95-A490-43B3-9D3B-49F39841EB46}.Debug|Any CPU.ActiveCfg = Debug|Any CPU
		{0A17CB95-A490-43B3-9D3B-49F39841EB46}.Debug|Any CPU.Build.0 = Debug|Any CPU
		{0A17CB95-A490-43B3-9D3B-49F39841EB46}.Release|Any CPU.ActiveCfg = Release|Any CPU
		{0A17CB95-A490-43B3-9D3B-49F39841EB46}.Release|Any CPU.Build.0 = Release|Any CPU
		{1D3312DA-BDD4-44A9-9251-6E14FF783945}.Debug|Any CPU.ActiveCfg = Debug|Any CPU
		{1D3312DA-BDD4-44A9-9251-6E14FF783945}.Debug|Any CPU.Build.0 = Debug|Any CPU
		{1D3312DA-BDD4-44A9-9251-6E14FF783945}.Release|Any CPU.ActiveCfg = Release|Any CPU
		{1D3312DA-BDD4-44A9-9251-6E14FF783945}.Release|Any CPU.Build.0 = Release|Any CPU
		{36ADEB7F-847C-4987-BB35-AB519541A9F8}.Debug|Any CPU.ActiveCfg = Debug|Any CPU
		{36ADEB7F-847C-4987-BB35-AB519541A9F8}.Debug|Any CPU.Build.0 = Debug|Any CPU
		{36ADEB7F-847C-4987-BB35-AB519541A9F8}.Release|Any CPU.ActiveCfg = Release|Any CPU
		{36ADEB7F-847C-4987-BB35-AB519541A9F8}.Release|Any CPU.Build.0 = Release|Any CPU
		{B1211BA7-BC26-4C26-8BA9-8DC55E8E990F}.Debug|Any CPU.ActiveCfg = Debug|Any CPU
		{B1211BA7-BC26-4C26-8BA9-8DC55E8E990F}.Debug|Any CPU.Build.0 = Debug|Any CPU
		{B1211BA7-BC26-4C26-8BA9-8DC55E8E990F}.Release|Any CPU.ActiveCfg = Release|Any CPU
		{B1211BA7-BC26-4C26-8BA9-8DC55E8E990F}.Release|Any CPU.Build.0 = Release|Any CPU
	EndGlobalSection
	GlobalSection(SolutionProperties) = preSolution
		HideSolutionNode = FALSE
	EndGlobalSection
	GlobalSection(ExtensibilityGlobals) = postSolution
		SolutionGuid = {9D072FE7-C3FC-49C1-8791-3FED85B17DF9}
	EndGlobalSection
EndGlobal
